
Microsoft Visual Studio Solution File, Format Version 12.00
# Visual Studio 2013
VisualStudioVersion = 12.0.21005.1
MinimumVisualStudioVersion = 10.0.40219.1
Project("{FAE04EC0-301F-11D3-BF4B-00C04F79EFBC}") = "WebApp", "WebApp\WebApp.csproj", "{7243548D-D5FF-4115-944B-7A012F1563E0}"
EndProject
Project("{FAE04EC0-301F-11D3-BF4B-00C04F79EFBC}") = "TimeNAction", "TimeNAction\TimeNAction.csproj", "{EC6EA21E-A293-4B82-9CD3-EF55E8FBB787}"
EndProject
Project("{FAE04EC0-301F-11D3-BF4B-00C04F79EFBC}") = "Sandbox", "Sandbox\Sandbox.csproj", "{EF6F7749-CD1C-4354-9371-D0CEDCAE70F8}"
EndProject
Global
	GlobalSection(SolutionConfigurationPlatforms) = preSolution
		Debug|Any CPU = Debug|Any CPU
		Release|Any CPU = Release|Any CPU
	EndGlobalSection
	GlobalSection(ProjectConfigurationPlatforms) = postSolution
		{7243548D-D5FF-4115-944B-7A012F1563E0}.Debug|Any CPU.ActiveCfg = Debug|Any CPU
		{7243548D-D5FF-4115-944B-7A012F1563E0}.Debug|Any CPU.Build.0 = Debug|Any CPU
		{7243548D-D5FF-4115-944B-7A012F1563E0}.Release|Any CPU.ActiveCfg = Release|Any CPU
		{EC6EA21E-A293-4B82-9CD3-EF55E8FBB787}.Debug|Any CPU.ActiveCfg = Debug|Any CPU
		{EC6EA21E-A293-4B82-9CD3-EF55E8FBB787}.Debug|Any CPU.Build.0 = Debug|Any CPU
		{EC6EA21E-A293-4B82-9CD3-EF55E8FBB787}.Release|Any CPU.ActiveCfg = Release|Any CPU
		{EF6F7749-CD1C-4354-9371-D0CEDCAE70F8}.Debug|Any CPU.ActiveCfg = Debug|Any CPU
		{EF6F7749-CD1C-4354-9371-D0CEDCAE70F8}.Debug|Any CPU.Build.0 = Debug|Any CPU
		{EF6F7749-CD1C-4354-9371-D0CEDCAE70F8}.Release|Any CPU.ActiveCfg = Release|Any CPU
	EndGlobalSection
	GlobalSection(SolutionProperties) = preSolution
		HideSolutionNode = FALSE
	EndGlobalSection
EndGlobal
